$begin 'ConnectionParameters'
	DesktopProcessID=12700
	DesktopProcessPath='C:\\Program Files\\ANSYS Inc\\ANSYS Student\\v252\\AnsysEM\\ansysedtsv.exe'
	LaunchedByWB=false
	GRPCPort=50051
	$begin 'DesktopStubBlock'
		$begin 'CommDetails'
			TransportType=1
			IPAddress='10.0.0.70'
			ListenPort='4591'
		$end 'CommDetails'
		$begin 'Marshall'
			InstanceID=503
			ProcID=12700
			InterfaceID=1
			FactoryIntID='DesktopInterfaceForWBProxyStubFactory'
		$end 'Marshall'
	$end 'DesktopStubBlock'
	$begin 'DesktopBackgroundObjStubBlock'
		$begin 'CommDetails'
			TransportType=1
			IPAddress='10.0.0.70'
			ListenPort='4591'
		$end 'CommDetails'
		$begin 'Marshall'
			InstanceID=505
			ProcID=12700
			InterfaceID=2
			FactoryIntID='DesktopInterfaceForWBProxyStubFactory'
		$end 'Marshall'
	$end 'DesktopBackgroundObjStubBlock'
$end 'ConnectionParameters'
